// !$*UTF8*$!
{
	archiveVersion = 1;
	classes = {
	};
	objectVersion = 46;
	objects = {

/* Begin PBXBuildFile section */
		3C0506C91CBE41140001A24F /* main.m in Sources */ = {isa = PBXBuildFile; fileRef = 3C0506C81CBE41140001A24F /* main.m */; };
		3C0506CC1CBE41140001A24F /* AppDelegate.m in Sources */ = {isa = PBXBuildFile; fileRef = 3C0506CB1CBE41140001A24F /* AppDelegate.m */; };
		3C0506CF1CBE41140001A24F /* ViewController.m in Sources */ = {isa = PBXBuildFile; fileRef = 3C0506CE1CBE41140001A24F /* ViewController.m */; };
		3C0506D71CBE41140001A24F /* LaunchScreen.storyboard in Resources */ = {isa = PBXBuildFile; fileRef = 3C0506D51CBE41140001A24F /* LaunchScreen.storyboard */; };
		3C0506E41CBE41AF0001A24F /* HHViewController.m in Sources */ = {isa = PBXBuildFile; fileRef = 3C0506E21CBE41AF0001A24F /* HHViewController.m */; };
		3C0506E71CBE47510001A24F /* Assets.xcassets in Resources */ = {isa = PBXBuildFile; fileRef = 3C0506E61CBE47510001A24F /* Assets.xcassets */; };
/* End PBXBuildFile section */

/* Begin PBXFileReference section */
		3C0506C41CBE41140001A24F /* April_13_LoadingAnimation.app */ = {isa = PBXFileReference; explicitFileType = wrapper.application; includeInIndex = 0; path = April_13_LoadingAnimation.app; sourceTree = BUILT_PRODUCTS_DIR; };
		3C0506C81CBE41140001A24F /* main.m */ = {isa = PBXFileReference; lastKnownFileType = sourcecode.c.objc; path = main.m; sourceTree = "<group>"; };
		3C0506CA1CBE41140001A24F /* AppDelegate.h */ = {isa = PBXFileReference; lastKnownFileType = sourcecode.c.h; path = AppDelegate.h; sourceTree = "<group>"; };
		3C0506CB1CBE41140001A24F /* AppDelegate.m */ = {isa = PBXFileReference; lastKnownFileType = sourcecode.c.objc; path = AppDelegate.m; sourceTree = "<group>"; };
		3C0506CD1CBE41140001A24F /* ViewController.h */ = {isa = PBXFileReference; lastKnownFileType = sourcecode.c.h; path = ViewController.h; sourceTree = "<group>"; };
		3C0506CE1CBE41140001A24F /* ViewController.m */ = {isa = PBXFileReference; lastKnownFileType = sourcecode.c.objc; path = ViewController.m; sourceTree = "<group>"; };
		3C0506D61CBE41140001A24F /* Base */ = {isa = PBXFileReference; lastKnownFileType = file.storyboard; name = Base; path = Base.lproj/LaunchScreen.storyboard; sourceTree = "<group>"; };
		3C0506D81CBE41140001A24F /* Info.plist */ = {isa = PBXFileReference; lastKnownFileType = text.plist.xml; path = Info.plist; sourceTree = "<group>"; };
		3C0506E11CBE41AF0001A24F /* HHViewController.h */ = {isa = PBXFileReference; fileEncoding = 4; lastKnownFileType = sourcecode.c.h; path = HHViewController.h; sourceTree = "<group>"; };
		3C0506E21CBE41AF0001A24F /* HHViewController.m */ = {isa = PBXFileReference; fileEncoding = 4; lastKnownFileType = sourcecode.c.objc; path = HHViewController.m; sourceTree = "<group>"; };
		3C0506E61CBE47510001A24F /* Assets.xcassets */ = {isa = PBXFileReference; lastKnownFileType = folder.assetcatalog; path = Assets.xcassets; sourceTree = "<group>"; };
/* End PBXFileReference section */

/* Begin PBXFrameworksBuildPhase section */
		3C0506C11CBE41140001A24F /* Frameworks */ = {
			isa = PBXFrameworksBuildPhase;
			buildActionMask = 2147483647;
			files = (
			);
			runOnlyForDeploymentPostprocessing = 0;
		};
/* End PBXFrameworksBuildPhase section */

/* Begin PBXGroup section */
		3C0506BB1CBE41140001A24F = {
			isa = PBXGroup;
			children = (
				3C0506C61CBE41140001A24F /* April_13_LoadingAnimation */,
				3C0506C51CBE41140001A24F /* Products */,
			);
			sourceTree = "<group>";
		};
		3C0506C51CBE41140001A24F /* Products */ = {
			isa = PBXGroup;
			children = (
				3C0506C41CBE41140001A24F /* April_13_LoadingAnimation.app */,
			);
			name = Products;
			sourceTree = "<group>";
		};
		3C0506C61CBE41140001A24F /* April_13_LoadingAnimation */ = {
			isa = PBXGroup;
			children = (
				3C0506CA1CBE41140001A24F /* AppDelegate.h */,
				3C0506CB1CBE41140001A24F /* AppDelegate.m */,
				3C0506E11CBE41AF0001A24F /* HHViewController.h */,
				3C0506E21CBE41AF0001A24F /* HHViewController.m */,
				3C0506CD1CBE41140001A24F /* ViewController.h */,
				3C0506CE1CBE41140001A24F /* ViewController.m */,
				3C0506D51CBE41140001A24F /* LaunchScreen.storyboard */,
				3C0506D81CBE41140001A24F /* Info.plist */,
				3C0506E61CBE47510001A24F /* Assets.xcassets */,
				3C0506C71CBE41140001A24F /* Supporting Files */,
			);
			path = April_13_LoadingAnimation;
			sourceTree = "<group>";
		};
		3C0506C71CBE41140001A24F /* Supporting Files */ = {
			isa = PBXGroup;
			children = (
				3C0506C81CBE41140001A24F /* main.m */,
			);
			name = "Supporting Files";
			sourceTree = "<group>";
		};
/* End PBXGroup section */

/* Begin PBXNativeTarget section */
		3C0506C31CBE41140001A24F /* April_13_LoadingAnimation */ = {
			isa = PBXNativeTarget;
			buildConfigurationList = 3C0506DB1CBE41140001A24F /* Build configuration list for PBXNativeTarget "April_13_LoadingAnimation" */;
			buildPhases = (
				3C0506C01CBE41140001A24F /* Sources */,
				3C0506C11CBE41140001A24F /* Frameworks */,
				3C0506C21CBE41140001A24F /* Resources */,
			);
			buildRules = (
			);
			dependencies = (
			);
			name = April_13_LoadingAnimation;
			productName = April_13_LoadingAnimation;
			productReference = 3C0506C41CBE41140001A24F /* April_13_LoadingAnimation.app */;
			productType = "com.apple.product-type.application";
		};
/* End PBXNativeTarget section */

/* Begin PBXProject section */
		3C0506BC1CBE41140001A24F /* Project object */ = {
			isa = PBXProject;
			attributes = {
				LastUpgradeCheck = 0720;
				ORGANIZATIONNAME = HJL;
				TargetAttributes = {
					3C0506C31CBE41140001A24F = {
						CreatedOnToolsVersion = 7.2;
					};
				};
			};
			buildConfigurationList = 3C0506BF1CBE41140001A24F /* Build configuration list for PBXProject "April_13_LoadingAnimation" */;
			compatibilityVersion = "Xcode 3.2";
			developmentRegion = English;
			hasScannedForEncodings = 0;
			knownRegions = (
				en,
				Base,
			);
			mainGroup = 3C0506BB1CBE41140001A24F;
			productRefGroup = 3C0506C51CBE41140001A24F /* Products */;
			projectDirPath = "";
			projectRoot = "";
			targets = (
				3C0506C31CBE41140001A24F /* April_13_LoadingAnimation */,
			);
		};
/* End PBXProject section */

/* Begin PBXResourcesBuildPhase section */
		3C0506C21CBE41140001A24F /* Resources */ = {
			isa = PBXResourcesBuildPhase;
			buildActionMask = 2147483647;
			files = (
				3C0506E71CBE47510001A24F /* Assets.xcassets in Resources */,
				3C0506D71CBE41140001A24F /* LaunchScreen.storyboard in Resources */,
			);
			runOnlyForDeploymentPostprocessing = 0;
		};
/* End PBXResourcesBuildPhase section */

/* Begin PBXSourcesBuildPhase section */
		3C0506C01CBE41140001A24F /* Sources */ = {
			isa = PBXSourcesBuildPhase;
			buildActionMask = 2147483647;
			files = (
				3C0506E41CBE41AF0001A24F /* HHViewController.m in Sources */,
				3C0506CF1CBE41140001A24F /* ViewController.m in Sources */,
				3C0506CC1CBE41140001A24F /* AppDelegate.m in Sources */,
				3C0506C91CBE41140001A24F /* main.m in Sources */,
			);
			runOnlyForDeploymentPostprocessing = 0;
		};
/* End PBXSourcesBuildPhase section */

/* Begin PBXVariantGroup section */
		3C0506D51CBE41140001A24F /* LaunchScreen.storyboard */ = {
			isa = PBXVariantGroup;
			children = (
				3C0506D61CBE41140001A24F /* Base */,
			);
			name = LaunchScreen.storyboard;
			sourceTree = "<group>";
		};
/* End PBXVariantGroup section */

/* Begin XCBuildConfiguration section */
		3C0506D91CBE41140001A24F /* Debug */ = {
			isa = XCBuildConfiguration;
			buildSettings = {
				ALWAYS_SEARCH_USER_PATHS = NO;
				CLANG_CXX_LANGUAGE_STANDARD = "gnu++0x";
				CLANG_CXX_LIBRARY = "libc++";
				CLANG_ENABLE_MODULES = YES;
				CLANG_ENABLE_OBJC_ARC = YES;
				CLANG_WARN_BOOL_CONVERSION = YES;
				CLANG_WARN_CONSTANT_CONVERSION = YES;
				CLANG_WARN_DIRECT_OBJC_ISA_USAGE = YES_ERROR;
				CLANG_WARN_EMPTY_BODY = YES;
				CLANG_WARN_ENUM_CONVERSION = YES;
				CLANG_WARN_INT_CONVERSION = YES;
				CLANG_WARN_OBJC_ROOT_CLASS = YES_ERROR;
				CLANG_WARN_UNREACHABLE_CODE = YES;
				CLANG_WARN__DUPLICATE_METHOD_MATCH = YES;
				"CODE_SIGN_IDENTITY[sdk=iphoneos*]" = "iPhone Developer";
				COPY_PHASE_STRIP = NO;
				DEBUG_INFORMATION_FORMAT = dwarf;
				ENABLE_STRICT_OBJC_MSGSEND = YES;
				ENABLE_TESTABILITY = YES;
				GCC_C_LANGUAGE_STANDARD = gnu99;
				GCC_DYNAMIC_NO_PIC = NO;
				GCC_NO_COMMON_BLOCKS = YES;
				GCC_OPTIMIZATION_LEVEL = 0;
				GCC_PREPROCESSOR_DEFINITIONS = (
					"DEBUG=1",
					"$(inherited)",
				);
				GCC_WARN_64_TO_32_BIT_CONVERSION = YES;
				GCC_WARN_ABOUT_RETURN_TYPE = YES_ERROR;
				GCC_WARN_UNDECLARED_SELECTOR = YES;
				GCC_WARN_UNINITIALIZED_AUTOS = YES_AGGRESSIVE;
				GCC_WARN_UNUSED_FUNCTION = YES;
				GCC_WARN_UNUSED_VARIABLE = YES;
				IPHONEOS_DEPLOYMENT_TARGET = 9.2;
				MTL_ENABLE_DEBUG_INFO = YES;
				ONLY_ACTIVE_ARCH = YES;
				SDKROOT = iphoneos;
				TARGETED_DEVICE_FAMILY = "1,2";
			};
			name = Debug;
		};
		3C0506DA1CBE41140001A24F /* Release */ = {
			isa = XCBuildConfiguration;
			buildSettings = {
				ALWAYS_SEARCH_USER_PATHS = NO;
				CLANG_CXX_LANGUAGE_STANDARD = "gnu++0x";
				CLANG_CXX_LIBRARY = "libc++";
				CLANG_ENABLE_MODULES = YES;
				CLANG_ENABLE_OBJC_ARC = YES;
				CLANG_WARN_BOOL_CONVERSION = YES;
				CLANG_WARN_CONSTANT_CONVERSION = YES;
				CLANG_WARN_DIRECT_OBJC_ISA_USAGE = YES_ERROR;
				CLANG_WARN_EMPTY_BODY = YES;
				CLANG_WARN_ENUM_CONVERSION = YES;
				CLANG_WARN_INT_CONVERSION = YES;
				CLANG_WARN_OBJC_ROOT_CLASS = YES_ERROR;
				CLANG_WARN_UNREACHABLE_CODE = YES;
				CLANG_WARN__DUPLICATE_METHOD_MATCH = YES;
				"CODE_SIGN_IDENTITY[sdk=iphoneos*]" = "iPhone Developer";
				COPY_PHASE_STRIP = NO;
				DEBUG_INFORMATION_FORMAT = "dwarf-with-dsym";
				ENABLE_NS_ASSERTIONS = NO;
				ENABLE_STRICT_OBJC_MSGSEND = YES;
				GCC_C_LANGUAGE_STANDARD = gnu99;
				GCC_NO_COMMON_BLOCKS = YES;
				GCC_WARN_64_TO_32_BIT_CONVERSION = YES;
				GCC_WARN_ABOUT_RETURN_TYPE = YES_ERROR;
				GCC_WARN_UNDECLARED_SELECTOR = YES;
				GCC_WARN_UNINITIALIZED_AUTOS = YES_AGGRESSIVE;
				GCC_WARN_UNUSED_FUNCTION = YES;
				GCC_WARN_UNUSED_VARIABLE = YES;
				IPHONEOS_DEPLOYMENT_TARGET = 9.2;
				MTL_ENABLE_DEBUG_INFO = NO;
				SDKROOT = iphoneos;
				TARGETED_DEVICE_FAMILY = "1,2";
				VALIDATE_PRODUCT = YES;
			};
			name = Release;
		};
		3C0506DC1CBE41140001A24F /* Debug */ = {
			isa = XCBuildConfiguration;
			buildSettings = {
				ASSETCATALOG_COMPILER_APPICON_NAME = AppIcon;
				INFOPLIST_FILE = April_13_LoadingAnimation/Info.plist;
				LD_RUNPATH_SEARCH_PATHS = "$(inherited) @executable_path/Frameworks";
				PRODUCT_BUNDLE_IDENTIFIER = "HJL.CN.April-13-LoadingAnimation";
				PRODUCT_NAME = "$(TARGET_NAME)";
			};
			name = Debug;
		};
		3C0506DD1CBE41140001A24F /* Release */ = {
			isa = XCBuildConfiguration;
			buildSettings = {
				ASSETCATALOG_COMPILER_APPICON_NAME = AppIcon;
				INFOPLIST_FILE = April_13_LoadingAnimation/Info.plist;
				LD_RUNPATH_SEARCH_PATHS = "$(inherited) @executable_path/Frameworks";
				PRODUCT_BUNDLE_IDENTIFIER = "HJL.CN.April-13-LoadingAnimation";
				PRODUCT_NAME = "$(TARGET_NAME)";
			};
			name = Release;
		};
/* End XCBuildConfiguration section */

/* Begin XCConfigurationList section */
		3C0506BF1CBE41140001A24F /* Build configuration list for PBXProject "April_13_LoadingAnimation" */ = {
			isa = XCConfigurationList;
			buildConfigurations = (
				3C0506D91CBE41140001A24F /* Debug */,
				3C0506DA1CBE41140001A24F /* Release */,
			);
			defaultConfigurationIsVisible = 0;
			defaultConfigurationName = Release;
		};
		3C0506DB1CBE41140001A24F /* Build configuration list for PBXNativeTarget "April_13_LoadingAnimation" */ = {
			isa = XCConfigurationList;
			buildConfigurations = (
				3C0506DC1CBE41140001A24F /* Debug */,
				3C0506DD1CBE41140001A24F /* Release */,
			);
			defaultConfigurationIsVisible = 0;
		};
/* End XCConfigurationList section */
	};
	rootObject = 3C0506BC1CBE41140001A24F /* Project object */;
}
